{
  "pins" : [
    {
      "identity" : "flanimatedimage",
      "kind" : "remoteSourceControl",
      "location" : "https://github.com/Flipboard/FLAnimatedImage",
      "state" : {
        "revision" : "d4f07b6f164d53c1212c3e54d6460738b1981e9f",
        "version" : "1.0.17"
      }
    },
    {
      "identity" : "generic-json-swift",
      "kind" : "remoteSourceControl",
      "location" : "https://github.com/iwill/generic-json-swift",
      "state" : {
        "revision" : "0a06575f4038b504e78ac330913d920f1630f510",
        "version" : "2.0.2"
      }
    },
    {
      "identity" : "keychainaccess",
      "kind" : "remoteSourceControl",
      "location" : "https://github.com/kishikawakatsumi/KeychainAccess",
      "state" : {
        "branch" : "master",
        "revision" : "ecb18d8ce4d88277cc4fb103973352d91e18c535"
      }
    },
    {
      "identity" : "kingfisher",
      "kind" : "remoteSourceControl",
      "location" : "https://github.com/onevcat/Kingfisher.git",
      "state" : {
        "revision" : "c1f60c63f356d364f4284ba82961acbe7de79bcc",
        "version" : "7.8.1"
      }
    },
    {
      "identity" : "lottie-spm",
      "kind" : "remoteSourceControl",
      "location" : "https://github.com/airbnb/lottie-spm.git",
      "state" : {
        "revision" : "60ea4f82fba8b4cb21a75665a889e86ed4d81c6e",
        "version" : "4.2.0"
      }
    },
    {
      "identity" : "nwwebsocket",
      "kind" : "remoteSourceControl",
      "location" : "https://github.com/pusher/NWWebSocket.git",
      "state" : {
        "revision" : "19d23951c8099304ad98e2fc762fa23d6bfab0b9",
        "version" : "0.5.3"
      }
    },
    {
      "identity" : "secp256k1.swift",
      "kind" : "remoteSourceControl",
      "location" : "https://github.com/jb55/secp256k1.swift",
      "state" : {
        "revision" : "40b4b38b3b1c83f7088c76189a742870e0ca06a9"
      }
    },
    {
      "identity" : "vault",
      "kind" : "remoteSourceControl",
      "location" : "https://github.com/SparrowTek/Vault",
      "state" : {
        "revision" : "87db56c3c8b6421c65b0745f73e08b0dc56f79d4",
        "version" : "1.0.3"
      }
    }
  ],
  "version" : 2
}
