// !$*UTF8*$!
{
	archiveVersion = 1;
	classes = {
	};
	objectVersion = 56;
	objects = {

/* Begin PBXBuildFile section */
		9310AB0129AA998D0038B6F4 /* FeedSheet.swift in Sources */ = {isa = PBXBuildFile; fileRef = 9310AB0029AA998D0038B6F4 /* FeedSheet.swift */; };
		9310AB0329AAB1640038B6F4 /* FeedButton.swift in Sources */ = {isa = PBXBuildFile; fileRef = 9310AB0229AAB1640038B6F4 /* FeedButton.swift */; };
		9310AB0529AAB6B70038B6F4 /* ToolbarFeedText.swift in Sources */ = {isa = PBXBuildFile; fileRef = 9310AB0429AAB6B70038B6F4 /* ToolbarFeedText.swift */; };
		9310AB0729AAF06B0038B6F4 /* Launch Screen.storyboard in Resources */ = {isa = PBXBuildFile; fileRef = 9310AB0629AAF06B0038B6F4 /* Launch Screen.storyboard */; };
		932E864B29A6EB8600C415AA /* UIState.swift in Sources */ = {isa = PBXBuildFile; fileRef = 932E864A29A6EB8600C415AA /* UIState.swift */; };
		9331ED4829ABC5D6003ACA1F /* ImageViewerRemote.swift in Sources */ = {isa = PBXBuildFile; fileRef = 9331ED4729ABC5D6003ACA1F /* ImageViewerRemote.swift */; };
		939330F629A3E36F003954C2 /* PrimalApp.swift in Sources */ = {isa = PBXBuildFile; fileRef = 939330F529A3E36F003954C2 /* PrimalApp.swift */; };
		939330F829A3E36F003954C2 /* ContentView.swift in Sources */ = {isa = PBXBuildFile; fileRef = 939330F729A3E36F003954C2 /* ContentView.swift */; };
		939330FA29A3E370003954C2 /* Assets.xcassets in Resources */ = {isa = PBXBuildFile; fileRef = 939330F929A3E370003954C2 /* Assets.xcassets */; };
		939330FD29A3E370003954C2 /* Preview Assets.xcassets in Resources */ = {isa = PBXBuildFile; fileRef = 939330FC29A3E370003954C2 /* Preview Assets.xcassets */; };
		9393310729A3E370003954C2 /* PrimalTests.swift in Sources */ = {isa = PBXBuildFile; fileRef = 9393310629A3E370003954C2 /* PrimalTests.swift */; };
		9393311129A3E370003954C2 /* PrimalUITests.swift in Sources */ = {isa = PBXBuildFile; fileRef = 9393311029A3E370003954C2 /* PrimalUITests.swift */; };
		9393311329A3E370003954C2 /* PrimalUITestsLaunchTests.swift in Sources */ = {isa = PBXBuildFile; fileRef = 9393311229A3E370003954C2 /* PrimalUITestsLaunchTests.swift */; };
		9393312129A3E44D003954C2 /* GenericJSON in Frameworks */ = {isa = PBXBuildFile; productRef = 9393312029A3E44D003954C2 /* GenericJSON */; };
		9393312429A3E45E003954C2 /* Kingfisher in Frameworks */ = {isa = PBXBuildFile; productRef = 9393312329A3E45E003954C2 /* Kingfisher */; };
		9393312729A3E475003954C2 /* NWWebSocket in Frameworks */ = {isa = PBXBuildFile; productRef = 9393312629A3E475003954C2 /* NWWebSocket */; };
		9393312F29A3E54E003954C2 /* Feed.swift in Sources */ = {isa = PBXBuildFile; fileRef = 9393312E29A3E54E003954C2 /* Feed.swift */; };
		9393313229A3E56F003954C2 /* Nostr.swift in Sources */ = {isa = PBXBuildFile; fileRef = 9393313129A3E56F003954C2 /* Nostr.swift */; };
		9393313429A3E575003954C2 /* Primal.swift in Sources */ = {isa = PBXBuildFile; fileRef = 9393313329A3E575003954C2 /* Primal.swift */; };
		9393313729A3E5A8003954C2 /* String.swift in Sources */ = {isa = PBXBuildFile; fileRef = 9393313629A3E5A8003954C2 /* String.swift */; };
		9393313B29A3E5D3003954C2 /* RobotoFlex-Regular.ttf in Resources */ = {isa = PBXBuildFile; fileRef = 9393313929A3E5D3003954C2 /* RobotoFlex-Regular.ttf */; };
		9393313C29A3E5D3003954C2 /* RobotoFlex.ttf in Resources */ = {isa = PBXBuildFile; fileRef = 9393313A29A3E5D3003954C2 /* RobotoFlex.ttf */; };
		9393313F29A3E9D8003954C2 /* View.swift in Sources */ = {isa = PBXBuildFile; fileRef = 9393313E29A3E9D8003954C2 /* View.swift */; };
		9393314129A3EA01003954C2 /* Color.swift in Sources */ = {isa = PBXBuildFile; fileRef = 9393314029A3EA01003954C2 /* Color.swift */; };
		9393314329A3EA25003954C2 /* UINavigationController.swift in Sources */ = {isa = PBXBuildFile; fileRef = 9393314229A3EA25003954C2 /* UINavigationController.swift */; };
		9393314629A3EA92003954C2 /* NavigationBackButton.swift in Sources */ = {isa = PBXBuildFile; fileRef = 9393314529A3EA92003954C2 /* NavigationBackButton.swift */; };
		9393314829A3EAE4003954C2 /* SideMenu.swift in Sources */ = {isa = PBXBuildFile; fileRef = 9393314729A3EAE4003954C2 /* SideMenu.swift */; };
		9393314B29A3EE7A003954C2 /* BaseView.swift in Sources */ = {isa = PBXBuildFile; fileRef = 9393314A29A3EE7A003954C2 /* BaseView.swift */; };
		9393314D29A3EE9F003954C2 /* HomeView.swift in Sources */ = {isa = PBXBuildFile; fileRef = 9393314C29A3EE9F003954C2 /* HomeView.swift */; };
		9393315129A3EEE2003954C2 /* Post.swift in Sources */ = {isa = PBXBuildFile; fileRef = 9393315029A3EEE2003954C2 /* Post.swift */; };
		9393315329A3EF3C003954C2 /* ThreadView.swift in Sources */ = {isa = PBXBuildFile; fileRef = 9393315229A3EF3C003954C2 /* ThreadView.swift */; };
/* End PBXBuildFile section */

/* Begin PBXContainerItemProxy section */
		9393310329A3E370003954C2 /* PBXContainerItemProxy */ = {
			isa = PBXContainerItemProxy;
			containerPortal = 939330EA29A3E36F003954C2 /* Project object */;
			proxyType = 1;
			remoteGlobalIDString = 939330F129A3E36F003954C2;
			remoteInfo = Primal;
		};
		9393310D29A3E370003954C2 /* PBXContainerItemProxy */ = {
			isa = PBXContainerItemProxy;
			containerPortal = 939330EA29A3E36F003954C2 /* Project object */;
			proxyType = 1;
			remoteGlobalIDString = 939330F129A3E36F003954C2;
			remoteInfo = Primal;
		};
/* End PBXContainerItemProxy section */

/* Begin PBXFileReference section */
		9310AB0029AA998D0038B6F4 /* FeedSheet.swift */ = {isa = PBXFileReference; lastKnownFileType = sourcecode.swift; path = FeedSheet.swift; sourceTree = "<group>"; };
		9310AB0229AAB1640038B6F4 /* FeedButton.swift */ = {isa = PBXFileReference; lastKnownFileType = sourcecode.swift; path = FeedButton.swift; sourceTree = "<group>"; };
		9310AB0429AAB6B70038B6F4 /* ToolbarFeedText.swift */ = {isa = PBXFileReference; lastKnownFileType = sourcecode.swift; path = ToolbarFeedText.swift; sourceTree = "<group>"; };
		9310AB0629AAF06B0038B6F4 /* Launch Screen.storyboard */ = {isa = PBXFileReference; lastKnownFileType = file.storyboard; path = "Launch Screen.storyboard"; sourceTree = "<group>"; };
		932E864A29A6EB8600C415AA /* UIState.swift */ = {isa = PBXFileReference; lastKnownFileType = sourcecode.swift; path = UIState.swift; sourceTree = "<group>"; };
		9331ED4729ABC5D6003ACA1F /* ImageViewerRemote.swift */ = {isa = PBXFileReference; lastKnownFileType = sourcecode.swift; path = ImageViewerRemote.swift; sourceTree = "<group>"; };
		939330F229A3E36F003954C2 /* Primal.app */ = {isa = PBXFileReference; explicitFileType = wrapper.application; includeInIndex = 0; path = Primal.app; sourceTree = BUILT_PRODUCTS_DIR; };
		939330F529A3E36F003954C2 /* PrimalApp.swift */ = {isa = PBXFileReference; lastKnownFileType = sourcecode.swift; path = PrimalApp.swift; sourceTree = "<group>"; };
		939330F729A3E36F003954C2 /* ContentView.swift */ = {isa = PBXFileReference; lastKnownFileType = sourcecode.swift; path = ContentView.swift; sourceTree = "<group>"; };
		939330F929A3E370003954C2 /* Assets.xcassets */ = {isa = PBXFileReference; lastKnownFileType = folder.assetcatalog; path = Assets.xcassets; sourceTree = "<group>"; };
		939330FC29A3E370003954C2 /* Preview Assets.xcassets */ = {isa = PBXFileReference; lastKnownFileType = folder.assetcatalog; path = "Preview Assets.xcassets"; sourceTree = "<group>"; };
		9393310229A3E370003954C2 /* PrimalTests.xctest */ = {isa = PBXFileReference; explicitFileType = wrapper.cfbundle; includeInIndex = 0; path = PrimalTests.xctest; sourceTree = BUILT_PRODUCTS_DIR; };
		9393310629A3E370003954C2 /* PrimalTests.swift */ = {isa = PBXFileReference; lastKnownFileType = sourcecode.swift; path = PrimalTests.swift; sourceTree = "<group>"; };
		9393310C29A3E370003954C2 /* PrimalUITests.xctest */ = {isa = PBXFileReference; explicitFileType = wrapper.cfbundle; includeInIndex = 0; path = PrimalUITests.xctest; sourceTree = BUILT_PRODUCTS_DIR; };
		9393311029A3E370003954C2 /* PrimalUITests.swift */ = {isa = PBXFileReference; lastKnownFileType = sourcecode.swift; path = PrimalUITests.swift; sourceTree = "<group>"; };
		9393311229A3E370003954C2 /* PrimalUITestsLaunchTests.swift */ = {isa = PBXFileReference; lastKnownFileType = sourcecode.swift; path = PrimalUITestsLaunchTests.swift; sourceTree = "<group>"; };
		9393312E29A3E54E003954C2 /* Feed.swift */ = {isa = PBXFileReference; lastKnownFileType = sourcecode.swift; path = Feed.swift; sourceTree = "<group>"; };
		9393313129A3E56F003954C2 /* Nostr.swift */ = {isa = PBXFileReference; lastKnownFileType = sourcecode.swift; path = Nostr.swift; sourceTree = "<group>"; };
		9393313329A3E575003954C2 /* Primal.swift */ = {isa = PBXFileReference; lastKnownFileType = sourcecode.swift; path = Primal.swift; sourceTree = "<group>"; };
		9393313629A3E5A8003954C2 /* String.swift */ = {isa = PBXFileReference; lastKnownFileType = sourcecode.swift; path = String.swift; sourceTree = "<group>"; };
		9393313929A3E5D3003954C2 /* RobotoFlex-Regular.ttf */ = {isa = PBXFileReference; lastKnownFileType = file; path = "RobotoFlex-Regular.ttf"; sourceTree = "<group>"; };
		9393313A29A3E5D3003954C2 /* RobotoFlex.ttf */ = {isa = PBXFileReference; lastKnownFileType = file; path = RobotoFlex.ttf; sourceTree = "<group>"; };
		9393313D29A3E6DE003954C2 /* Info.plist */ = {isa = PBXFileReference; lastKnownFileType = text.plist; path = Info.plist; sourceTree = "<group>"; };
		9393313E29A3E9D8003954C2 /* View.swift */ = {isa = PBXFileReference; lastKnownFileType = sourcecode.swift; path = View.swift; sourceTree = "<group>"; };
		9393314029A3EA01003954C2 /* Color.swift */ = {isa = PBXFileReference; lastKnownFileType = sourcecode.swift; path = Color.swift; sourceTree = "<group>"; };
		9393314229A3EA25003954C2 /* UINavigationController.swift */ = {isa = PBXFileReference; lastKnownFileType = sourcecode.swift; path = UINavigationController.swift; sourceTree = "<group>"; };
		9393314529A3EA92003954C2 /* NavigationBackButton.swift */ = {isa = PBXFileReference; lastKnownFileType = sourcecode.swift; path = NavigationBackButton.swift; sourceTree = "<group>"; };
		9393314729A3EAE4003954C2 /* SideMenu.swift */ = {isa = PBXFileReference; lastKnownFileType = sourcecode.swift; path = SideMenu.swift; sourceTree = "<group>"; };
		9393314A29A3EE7A003954C2 /* BaseView.swift */ = {isa = PBXFileReference; lastKnownFileType = sourcecode.swift; path = BaseView.swift; sourceTree = "<group>"; };
		9393314C29A3EE9F003954C2 /* HomeView.swift */ = {isa = PBXFileReference; lastKnownFileType = sourcecode.swift; path = HomeView.swift; sourceTree = "<group>"; };
		9393315029A3EEE2003954C2 /* Post.swift */ = {isa = PBXFileReference; lastKnownFileType = sourcecode.swift; path = Post.swift; sourceTree = "<group>"; };
		9393315229A3EF3C003954C2 /* ThreadView.swift */ = {isa = PBXFileReference; lastKnownFileType = sourcecode.swift; path = ThreadView.swift; sourceTree = "<group>"; };
/* End PBXFileReference section */

/* Begin PBXFrameworksBuildPhase section */
		939330EF29A3E36F003954C2 /* Frameworks */ = {
			isa = PBXFrameworksBuildPhase;
			buildActionMask = 2147483647;
			files = (
				9393312429A3E45E003954C2 /* Kingfisher in Frameworks */,
				9393312129A3E44D003954C2 /* GenericJSON in Frameworks */,
				9393312729A3E475003954C2 /* NWWebSocket in Frameworks */,
			);
			runOnlyForDeploymentPostprocessing = 0;
		};
		939330FF29A3E370003954C2 /* Frameworks */ = {
			isa = PBXFrameworksBuildPhase;
			buildActionMask = 2147483647;
			files = (
			);
			runOnlyForDeploymentPostprocessing = 0;
		};
		9393310929A3E370003954C2 /* Frameworks */ = {
			isa = PBXFrameworksBuildPhase;
			buildActionMask = 2147483647;
			files = (
			);
			runOnlyForDeploymentPostprocessing = 0;
		};
/* End PBXFrameworksBuildPhase section */

/* Begin PBXGroup section */
		939330E929A3E36F003954C2 = {
			isa = PBXGroup;
			children = (
				939330F429A3E36F003954C2 /* Primal */,
				9393310529A3E370003954C2 /* PrimalTests */,
				9393310F29A3E370003954C2 /* PrimalUITests */,
				939330F329A3E36F003954C2 /* Products */,
			);
			sourceTree = "<group>";
		};
		939330F329A3E36F003954C2 /* Products */ = {
			isa = PBXGroup;
			children = (
				939330F229A3E36F003954C2 /* Primal.app */,
				9393310229A3E370003954C2 /* PrimalTests.xctest */,
				9393310C29A3E370003954C2 /* PrimalUITests.xctest */,
			);
			name = Products;
			sourceTree = "<group>";
		};
		939330F429A3E36F003954C2 /* Primal */ = {
			isa = PBXGroup;
			children = (
				9393313D29A3E6DE003954C2 /* Info.plist */,
				9393312C29A3E534003954C2 /* State */,
				9393312B29A3E525003954C2 /* Identity */,
				9393312A29A3E51F003954C2 /* Feed */,
				9393312929A3E516003954C2 /* Settings */,
				9393312829A3E4E0003954C2 /* Common */,
				939330F529A3E36F003954C2 /* PrimalApp.swift */,
				939330F729A3E36F003954C2 /* ContentView.swift */,
				939330F929A3E370003954C2 /* Assets.xcassets */,
				939330FB29A3E370003954C2 /* Preview Content */,
				9310AB0629AAF06B0038B6F4 /* Launch Screen.storyboard */,
			);
			path = Primal;
			sourceTree = "<group>";
		};
		939330FB29A3E370003954C2 /* Preview Content */ = {
			isa = PBXGroup;
			children = (
				939330FC29A3E370003954C2 /* Preview Assets.xcassets */,
			);
			path = "Preview Content";
			sourceTree = "<group>";
		};
		9393310529A3E370003954C2 /* PrimalTests */ = {
			isa = PBXGroup;
			children = (
				9393310629A3E370003954C2 /* PrimalTests.swift */,
			);
			path = PrimalTests;
			sourceTree = "<group>";
		};
		9393310F29A3E370003954C2 /* PrimalUITests */ = {
			isa = PBXGroup;
			children = (
				9393311029A3E370003954C2 /* PrimalUITests.swift */,
				9393311229A3E370003954C2 /* PrimalUITestsLaunchTests.swift */,
			);
			path = PrimalUITests;
			sourceTree = "<group>";
		};
		9393312829A3E4E0003954C2 /* Common */ = {
			isa = PBXGroup;
			children = (
				9393314929A3EE72003954C2 /* View */,
				9393314429A3EA81003954C2 /* Component */,
				9393313829A3E5C2003954C2 /* Font */,
				9393313529A3E59D003954C2 /* Extension */,
				9393313029A3E565003954C2 /* Model */,
			);
			path = Common;
			sourceTree = "<group>";
		};
		9393312929A3E516003954C2 /* Settings */ = {
			isa = PBXGroup;
			children = (
			);
			path = Settings;
			sourceTree = "<group>";
		};
		9393312A29A3E51F003954C2 /* Feed */ = {
			isa = PBXGroup;
			children = (
				9393314F29A3EED4003954C2 /* Component */,
				9393314E29A3EECD003954C2 /* View */,
			);
			path = Feed;
			sourceTree = "<group>";
		};
		9393312B29A3E525003954C2 /* Identity */ = {
			isa = PBXGroup;
			children = (
			);
			path = Identity;
			sourceTree = "<group>";
		};
		9393312C29A3E534003954C2 /* State */ = {
			isa = PBXGroup;
			children = (
				9393312E29A3E54E003954C2 /* Feed.swift */,
				932E864A29A6EB8600C415AA /* UIState.swift */,
			);
			path = State;
			sourceTree = "<group>";
		};
		9393313029A3E565003954C2 /* Model */ = {
			isa = PBXGroup;
			children = (
				9393313129A3E56F003954C2 /* Nostr.swift */,
				9393313329A3E575003954C2 /* Primal.swift */,
			);
			path = Model;
			sourceTree = "<group>";
		};
		9393313529A3E59D003954C2 /* Extension */ = {
			isa = PBXGroup;
			children = (
				9393313629A3E5A8003954C2 /* String.swift */,
				9393313E29A3E9D8003954C2 /* View.swift */,
				9393314029A3EA01003954C2 /* Color.swift */,
				9393314229A3EA25003954C2 /* UINavigationController.swift */,
			);
			path = Extension;
			sourceTree = "<group>";
		};
		9393313829A3E5C2003954C2 /* Font */ = {
			isa = PBXGroup;
			children = (
				9393313929A3E5D3003954C2 /* RobotoFlex-Regular.ttf */,
				9393313A29A3E5D3003954C2 /* RobotoFlex.ttf */,
			);
			path = Font;
			sourceTree = "<group>";
		};
		9393314429A3EA81003954C2 /* Component */ = {
			isa = PBXGroup;
			children = (
				9393314529A3EA92003954C2 /* NavigationBackButton.swift */,
				9393314729A3EAE4003954C2 /* SideMenu.swift */,
				9310AB0429AAB6B70038B6F4 /* ToolbarFeedText.swift */,
			);
			path = Component;
			sourceTree = "<group>";
		};
		9393314929A3EE72003954C2 /* View */ = {
			isa = PBXGroup;
			children = (
				9393314A29A3EE7A003954C2 /* BaseView.swift */,
				9393314C29A3EE9F003954C2 /* HomeView.swift */,
				9331ED4729ABC5D6003ACA1F /* ImageViewerRemote.swift */,
			);
			path = View;
			sourceTree = "<group>";
		};
		9393314E29A3EECD003954C2 /* View */ = {
			isa = PBXGroup;
			children = (
				9393315229A3EF3C003954C2 /* ThreadView.swift */,
			);
			path = View;
			sourceTree = "<group>";
		};
		9393314F29A3EED4003954C2 /* Component */ = {
			isa = PBXGroup;
			children = (
				9310AB0229AAB1640038B6F4 /* FeedButton.swift */,
				9310AB0029AA998D0038B6F4 /* FeedSheet.swift */,
				9393315029A3EEE2003954C2 /* Post.swift */,
			);
			path = Component;
			sourceTree = "<group>";
		};
/* End PBXGroup section */

/* Begin PBXNativeTarget section */
		939330F129A3E36F003954C2 /* Primal */ = {
			isa = PBXNativeTarget;
			buildConfigurationList = 9393311629A3E370003954C2 /* Build configuration list for PBXNativeTarget "Primal" */;
			buildPhases = (
				939330EE29A3E36F003954C2 /* Sources */,
				939330EF29A3E36F003954C2 /* Frameworks */,
				939330F029A3E36F003954C2 /* Resources */,
			);
			buildRules = (
			);
			dependencies = (
			);
			name = Primal;
			packageProductDependencies = (
				9393312029A3E44D003954C2 /* GenericJSON */,
				9393312329A3E45E003954C2 /* Kingfisher */,
				9393312629A3E475003954C2 /* NWWebSocket */,
			);
			productName = Primal;
			productReference = 939330F229A3E36F003954C2 /* Primal.app */;
			productType = "com.apple.product-type.application";
		};
		9393310129A3E370003954C2 /* PrimalTests */ = {
			isa = PBXNativeTarget;
			buildConfigurationList = 9393311929A3E370003954C2 /* Build configuration list for PBXNativeTarget "PrimalTests" */;
			buildPhases = (
				939330FE29A3E370003954C2 /* Sources */,
				939330FF29A3E370003954C2 /* Frameworks */,
				9393310029A3E370003954C2 /* Resources */,
			);
			buildRules = (
			);
			dependencies = (
				9393310429A3E370003954C2 /* PBXTargetDependency */,
			);
			name = PrimalTests;
			productName = PrimalTests;
			productReference = 9393310229A3E370003954C2 /* PrimalTests.xctest */;
			productType = "com.apple.product-type.bundle.unit-test";
		};
		9393310B29A3E370003954C2 /* PrimalUITests */ = {
			isa = PBXNativeTarget;
			buildConfigurationList = 9393311C29A3E370003954C2 /* Build configuration list for PBXNativeTarget "PrimalUITests" */;
			buildPhases = (
				9393310829A3E370003954C2 /* Sources */,
				9393310929A3E370003954C2 /* Frameworks */,
				9393310A29A3E370003954C2 /* Resources */,
			);
			buildRules = (
			);
			dependencies = (
				9393310E29A3E370003954C2 /* PBXTargetDependency */,
			);
			name = PrimalUITests;
			productName = PrimalUITests;
			productReference = 9393310C29A3E370003954C2 /* PrimalUITests.xctest */;
			productType = "com.apple.product-type.bundle.ui-testing";
		};
/* End PBXNativeTarget section */

/* Begin PBXProject section */
		939330EA29A3E36F003954C2 /* Project object */ = {
			isa = PBXProject;
			attributes = {
				BuildIndependentTargetsInParallel = 1;
				LastSwiftUpdateCheck = 1420;
				LastUpgradeCheck = 1420;
				TargetAttributes = {
					939330F129A3E36F003954C2 = {
						CreatedOnToolsVersion = 14.2;
					};
					9393310129A3E370003954C2 = {
						CreatedOnToolsVersion = 14.2;
						TestTargetID = 939330F129A3E36F003954C2;
					};
					9393310B29A3E370003954C2 = {
						CreatedOnToolsVersion = 14.2;
						TestTargetID = 939330F129A3E36F003954C2;
					};
				};
			};
			buildConfigurationList = 939330ED29A3E36F003954C2 /* Build configuration list for PBXProject "Primal" */;
			compatibilityVersion = "Xcode 14.0";
			developmentRegion = en;
			hasScannedForEncodings = 0;
			knownRegions = (
				en,
				Base,
			);
			mainGroup = 939330E929A3E36F003954C2;
			packageReferences = (
				9393311F29A3E44D003954C2 /* XCRemoteSwiftPackageReference "generic-json-swift" */,
				9393312229A3E45E003954C2 /* XCRemoteSwiftPackageReference "Kingfisher" */,
				9393312529A3E475003954C2 /* XCRemoteSwiftPackageReference "NWWebSocket" */,
			);
			productRefGroup = 939330F329A3E36F003954C2 /* Products */;
			projectDirPath = "";
			projectRoot = "";
			targets = (
				939330F129A3E36F003954C2 /* Primal */,
				9393310129A3E370003954C2 /* PrimalTests */,
				9393310B29A3E370003954C2 /* PrimalUITests */,
			);
		};
/* End PBXProject section */

/* Begin PBXResourcesBuildPhase section */
		939330F029A3E36F003954C2 /* Resources */ = {
			isa = PBXResourcesBuildPhase;
			buildActionMask = 2147483647;
			files = (
				939330FD29A3E370003954C2 /* Preview Assets.xcassets in Resources */,
				939330FA29A3E370003954C2 /* Assets.xcassets in Resources */,
				9393313C29A3E5D3003954C2 /* RobotoFlex.ttf in Resources */,
				9310AB0729AAF06B0038B6F4 /* Launch Screen.storyboard in Resources */,
				9393313B29A3E5D3003954C2 /* RobotoFlex-Regular.ttf in Resources */,
			);
			runOnlyForDeploymentPostprocessing = 0;
		};
		9393310029A3E370003954C2 /* Resources */ = {
			isa = PBXResourcesBuildPhase;
			buildActionMask = 2147483647;
			files = (
			);
			runOnlyForDeploymentPostprocessing = 0;
		};
		9393310A29A3E370003954C2 /* Resources */ = {
			isa = PBXResourcesBuildPhase;
			buildActionMask = 2147483647;
			files = (
			);
			runOnlyForDeploymentPostprocessing = 0;
		};
/* End PBXResourcesBuildPhase section */

/* Begin PBXSourcesBuildPhase section */
		939330EE29A3E36F003954C2 /* Sources */ = {
			isa = PBXSourcesBuildPhase;
			buildActionMask = 2147483647;
			files = (
				9393314829A3EAE4003954C2 /* SideMenu.swift in Sources */,
				9310AB0129AA998D0038B6F4 /* FeedSheet.swift in Sources */,
				9393313729A3E5A8003954C2 /* String.swift in Sources */,
				9393314D29A3EE9F003954C2 /* HomeView.swift in Sources */,
				9393313229A3E56F003954C2 /* Nostr.swift in Sources */,
				9393314B29A3EE7A003954C2 /* BaseView.swift in Sources */,
				9393315129A3EEE2003954C2 /* Post.swift in Sources */,
				9331ED4829ABC5D6003ACA1F /* ImageViewerRemote.swift in Sources */,
				9393315329A3EF3C003954C2 /* ThreadView.swift in Sources */,
				932E864B29A6EB8600C415AA /* UIState.swift in Sources */,
				939330F829A3E36F003954C2 /* ContentView.swift in Sources */,
				9393312F29A3E54E003954C2 /* Feed.swift in Sources */,
				9393313429A3E575003954C2 /* Primal.swift in Sources */,
				9393314129A3EA01003954C2 /* Color.swift in Sources */,
				9393314329A3EA25003954C2 /* UINavigationController.swift in Sources */,
				9393313F29A3E9D8003954C2 /* View.swift in Sources */,
				9310AB0329AAB1640038B6F4 /* FeedButton.swift in Sources */,
				9393314629A3EA92003954C2 /* NavigationBackButton.swift in Sources */,
				939330F629A3E36F003954C2 /* PrimalApp.swift in Sources */,
				9310AB0529AAB6B70038B6F4 /* ToolbarFeedText.swift in Sources */,
			);
			runOnlyForDeploymentPostprocessing = 0;
		};
		939330FE29A3E370003954C2 /* Sources */ = {
			isa = PBXSourcesBuildPhase;
			buildActionMask = 2147483647;
			files = (
				9393310729A3E370003954C2 /* PrimalTests.swift in Sources */,
			);
			runOnlyForDeploymentPostprocessing = 0;
		};
		9393310829A3E370003954C2 /* Sources */ = {
			isa = PBXSourcesBuildPhase;
			buildActionMask = 2147483647;
			files = (
				9393311129A3E370003954C2 /* PrimalUITests.swift in Sources */,
				9393311329A3E370003954C2 /* PrimalUITestsLaunchTests.swift in Sources */,
			);
			runOnlyForDeploymentPostprocessing = 0;
		};
/* End PBXSourcesBuildPhase section */

/* Begin PBXTargetDependency section */
		9393310429A3E370003954C2 /* PBXTargetDependency */ = {
			isa = PBXTargetDependency;
			target = 939330F129A3E36F003954C2 /* Primal */;
			targetProxy = 9393310329A3E370003954C2 /* PBXContainerItemProxy */;
		};
		9393310E29A3E370003954C2 /* PBXTargetDependency */ = {
			isa = PBXTargetDependency;
			target = 939330F129A3E36F003954C2 /* Primal */;
			targetProxy = 9393310D29A3E370003954C2 /* PBXContainerItemProxy */;
		};
/* End PBXTargetDependency section */

/* Begin XCBuildConfiguration section */
		9393311429A3E370003954C2 /* Debug */ = {
			isa = XCBuildConfiguration;
			buildSettings = {
				ALWAYS_SEARCH_USER_PATHS = NO;
				CLANG_ANALYZER_NONNULL = YES;
				CLANG_ANALYZER_NUMBER_OBJECT_CONVERSION = YES_AGGRESSIVE;
				CLANG_CXX_LANGUAGE_STANDARD = "gnu++20";
				CLANG_ENABLE_MODULES = YES;
				CLANG_ENABLE_OBJC_ARC = YES;
				CLANG_ENABLE_OBJC_WEAK = YES;
				CLANG_WARN_BLOCK_CAPTURE_AUTORELEASING = YES;
				CLANG_WARN_BOOL_CONVERSION = YES;
				CLANG_WARN_COMMA = YES;
				CLANG_WARN_CONSTANT_CONVERSION = YES;
				CLANG_WARN_DEPRECATED_OBJC_IMPLEMENTATIONS = YES;
				CLANG_WARN_DIRECT_OBJC_ISA_USAGE = YES_ERROR;
				CLANG_WARN_DOCUMENTATION_COMMENTS = YES;
				CLANG_WARN_EMPTY_BODY = YES;
				CLANG_WARN_ENUM_CONVERSION = YES;
				CLANG_WARN_INFINITE_RECURSION = YES;
				CLANG_WARN_INT_CONVERSION = YES;
				CLANG_WARN_NON_LITERAL_NULL_CONVERSION = YES;
				CLANG_WARN_OBJC_IMPLICIT_RETAIN_SELF = YES;
				CLANG_WARN_OBJC_LITERAL_CONVERSION = YES;
				CLANG_WARN_OBJC_ROOT_CLASS = YES_ERROR;
				CLANG_WARN_QUOTED_INCLUDE_IN_FRAMEWORK_HEADER = YES;
				CLANG_WARN_RANGE_LOOP_ANALYSIS = YES;
				CLANG_WARN_STRICT_PROTOTYPES = YES;
				CLANG_WARN_SUSPICIOUS_MOVE = YES;
				CLANG_WARN_UNGUARDED_AVAILABILITY = YES_AGGRESSIVE;
				CLANG_WARN_UNREACHABLE_CODE = YES;
				CLANG_WARN__DUPLICATE_METHOD_MATCH = YES;
				COPY_PHASE_STRIP = NO;
				DEBUG_INFORMATION_FORMAT = dwarf;
				ENABLE_STRICT_OBJC_MSGSEND = YES;
				ENABLE_TESTABILITY = YES;
				GCC_C_LANGUAGE_STANDARD = gnu11;
				GCC_DYNAMIC_NO_PIC = NO;
				GCC_NO_COMMON_BLOCKS = YES;
				GCC_OPTIMIZATION_LEVEL = 0;
				GCC_PREPROCESSOR_DEFINITIONS = (
					"DEBUG=1",
					"$(inherited)",
				);
				GCC_WARN_64_TO_32_BIT_CONVERSION = YES;
				GCC_WARN_ABOUT_RETURN_TYPE = YES_ERROR;
				GCC_WARN_UNDECLARED_SELECTOR = YES;
				GCC_WARN_UNINITIALIZED_AUTOS = YES_AGGRESSIVE;
				GCC_WARN_UNUSED_FUNCTION = YES;
				GCC_WARN_UNUSED_VARIABLE = YES;
				IPHONEOS_DEPLOYMENT_TARGET = 16.2;
				MTL_ENABLE_DEBUG_INFO = INCLUDE_SOURCE;
				MTL_FAST_MATH = YES;
				ONLY_ACTIVE_ARCH = YES;
				SDKROOT = iphoneos;
				SWIFT_ACTIVE_COMPILATION_CONDITIONS = DEBUG;
				SWIFT_OPTIMIZATION_LEVEL = "-Onone";
			};
			name = Debug;
		};
		9393311529A3E370003954C2 /* Release */ = {
			isa = XCBuildConfiguration;
			buildSettings = {
				ALWAYS_SEARCH_USER_PATHS = NO;
				CLANG_ANALYZER_NONNULL = YES;
				CLANG_ANALYZER_NUMBER_OBJECT_CONVERSION = YES_AGGRESSIVE;
				CLANG_CXX_LANGUAGE_STANDARD = "gnu++20";
				CLANG_ENABLE_MODULES = YES;
				CLANG_ENABLE_OBJC_ARC = YES;
				CLANG_ENABLE_OBJC_WEAK = YES;
				CLANG_WARN_BLOCK_CAPTURE_AUTORELEASING = YES;
				CLANG_WARN_BOOL_CONVERSION = YES;
				CLANG_WARN_COMMA = YES;
				CLANG_WARN_CONSTANT_CONVERSION = YES;
				CLANG_WARN_DEPRECATED_OBJC_IMPLEMENTATIONS = YES;
				CLANG_WARN_DIRECT_OBJC_ISA_USAGE = YES_ERROR;
				CLANG_WARN_DOCUMENTATION_COMMENTS = YES;
				CLANG_WARN_EMPTY_BODY = YES;
				CLANG_WARN_ENUM_CONVERSION = YES;
				CLANG_WARN_INFINITE_RECURSION = YES;
				CLANG_WARN_INT_CONVERSION = YES;
				CLANG_WARN_NON_LITERAL_NULL_CONVERSION = YES;
				CLANG_WARN_OBJC_IMPLICIT_RETAIN_SELF = YES;
				CLANG_WARN_OBJC_LITERAL_CONVERSION = YES;
				CLANG_WARN_OBJC_ROOT_CLASS = YES_ERROR;
				CLANG_WARN_QUOTED_INCLUDE_IN_FRAMEWORK_HEADER = YES;
				CLANG_WARN_RANGE_LOOP_ANALYSIS = YES;
				CLANG_WARN_STRICT_PROTOTYPES = YES;
				CLANG_WARN_SUSPICIOUS_MOVE = YES;
				CLANG_WARN_UNGUARDED_AVAILABILITY = YES_AGGRESSIVE;
				CLANG_WARN_UNREACHABLE_CODE = YES;
				CLANG_WARN__DUPLICATE_METHOD_MATCH = YES;
				COPY_PHASE_STRIP = NO;
				DEBUG_INFORMATION_FORMAT = "dwarf-with-dsym";
				ENABLE_NS_ASSERTIONS = NO;
				ENABLE_STRICT_OBJC_MSGSEND = YES;
				GCC_C_LANGUAGE_STANDARD = gnu11;
				GCC_NO_COMMON_BLOCKS = YES;
				GCC_WARN_64_TO_32_BIT_CONVERSION = YES;
				GCC_WARN_ABOUT_RETURN_TYPE = YES_ERROR;
				GCC_WARN_UNDECLARED_SELECTOR = YES;
				GCC_WARN_UNINITIALIZED_AUTOS = YES_AGGRESSIVE;
				GCC_WARN_UNUSED_FUNCTION = YES;
				GCC_WARN_UNUSED_VARIABLE = YES;
				IPHONEOS_DEPLOYMENT_TARGET = 16.2;
				MTL_ENABLE_DEBUG_INFO = NO;
				MTL_FAST_MATH = YES;
				SDKROOT = iphoneos;
				SWIFT_COMPILATION_MODE = wholemodule;
				SWIFT_OPTIMIZATION_LEVEL = "-O";
				VALIDATE_PRODUCT = YES;
			};
			name = Release;
		};
		9393311729A3E370003954C2 /* Debug */ = {
			isa = XCBuildConfiguration;
			buildSettings = {
				ASSETCATALOG_COMPILER_APPICON_NAME = AppIcon;
				ASSETCATALOG_COMPILER_GLOBAL_ACCENT_COLOR_NAME = AccentColor;
				ASSETCATALOG_COMPILER_INCLUDE_ALL_APPICON_ASSETS = YES;
				CODE_SIGN_STYLE = Automatic;
				CURRENT_PROJECT_VERSION = 3;
				DEVELOPMENT_ASSET_PATHS = "\"Primal/Preview Content\"";
				DEVELOPMENT_TEAM = 7B23MN6TDM;
				ENABLE_PREVIEWS = YES;
				GENERATE_INFOPLIST_FILE = YES;
				INFOPLIST_FILE = Primal/Info.plist;
				INFOPLIST_KEY_CFBundleDisplayName = Primal;
				INFOPLIST_KEY_LSApplicationCategoryType = "public.app-category.social-networking";
				INFOPLIST_KEY_UIApplicationSupportsIndirectInputEvents = YES;
				INFOPLIST_KEY_UILaunchStoryboardName = "Launch Screen.storyboard";
				INFOPLIST_KEY_UIStatusBarStyle = "";
				INFOPLIST_KEY_UISupportedInterfaceOrientations = UIInterfaceOrientationPortrait;
				INFOPLIST_KEY_UISupportedInterfaceOrientations_iPad = "UIInterfaceOrientationLandscapeLeft UIInterfaceOrientationLandscapeRight UIInterfaceOrientationPortrait UIInterfaceOrientationPortraitUpsideDown";
				IPHONEOS_DEPLOYMENT_TARGET = 16.2;
				LD_RUNPATH_SEARCH_PATHS = (
					"$(inherited)",
					"@executable_path/Frameworks",
				);
				MARKETING_VERSION = 0.3;
				PRODUCT_BUNDLE_IDENTIFIER = net.primal.iosapp.Primal;
				PRODUCT_NAME = "$(TARGET_NAME)";
				SUPPORTED_PLATFORMS = "iphoneos iphonesimulator";
				SUPPORTS_MACCATALYST = NO;
				SUPPORTS_MAC_DESIGNED_FOR_IPHONE_IPAD = NO;
				SWIFT_EMIT_LOC_STRINGS = YES;
				SWIFT_VERSION = 5.0;
				TARGETED_DEVICE_FAMILY = 1;
			};
			name = Debug;
		};
		9393311829A3E370003954C2 /* Release */ = {
			isa = XCBuildConfiguration;
			buildSettings = {
				ASSETCATALOG_COMPILER_APPICON_NAME = AppIcon;
				ASSETCATALOG_COMPILER_GLOBAL_ACCENT_COLOR_NAME = AccentColor;
				ASSETCATALOG_COMPILER_INCLUDE_ALL_APPICON_ASSETS = YES;
				CODE_SIGN_STYLE = Automatic;
				CURRENT_PROJECT_VERSION = 3;
				DEVELOPMENT_ASSET_PATHS = "\"Primal/Preview Content\"";
				DEVELOPMENT_TEAM = 7B23MN6TDM;
				ENABLE_PREVIEWS = YES;
				GENERATE_INFOPLIST_FILE = YES;
				INFOPLIST_FILE = Primal/Info.plist;
				INFOPLIST_KEY_CFBundleDisplayName = Primal;
				INFOPLIST_KEY_LSApplicationCategoryType = "public.app-category.social-networking";
				INFOPLIST_KEY_UIApplicationSupportsIndirectInputEvents = YES;
				INFOPLIST_KEY_UILaunchStoryboardName = "Launch Screen.storyboard";
				INFOPLIST_KEY_UIStatusBarStyle = "";
				INFOPLIST_KEY_UISupportedInterfaceOrientations = UIInterfaceOrientationPortrait;
				INFOPLIST_KEY_UISupportedInterfaceOrientations_iPad = "UIInterfaceOrientationLandscapeLeft UIInterfaceOrientationLandscapeRight UIInterfaceOrientationPortrait UIInterfaceOrientationPortraitUpsideDown";
				IPHONEOS_DEPLOYMENT_TARGET = 16.2;
				LD_RUNPATH_SEARCH_PATHS = (
					"$(inherited)",
					"@executable_path/Frameworks",
				);
				MARKETING_VERSION = 0.3;
				PRODUCT_BUNDLE_IDENTIFIER = net.primal.iosapp.Primal;
				PRODUCT_NAME = "$(TARGET_NAME)";
				SUPPORTED_PLATFORMS = "iphoneos iphonesimulator";
				SUPPORTS_MACCATALYST = NO;
				SUPPORTS_MAC_DESIGNED_FOR_IPHONE_IPAD = NO;
				SWIFT_EMIT_LOC_STRINGS = YES;
				SWIFT_VERSION = 5.0;
				TARGETED_DEVICE_FAMILY = 1;
			};
			name = Release;
		};
		9393311A29A3E370003954C2 /* Debug */ = {
			isa = XCBuildConfiguration;
			buildSettings = {
				ALWAYS_EMBED_SWIFT_STANDARD_LIBRARIES = YES;
				BUNDLE_LOADER = "$(TEST_HOST)";
				CODE_SIGN_STYLE = Automatic;
				CURRENT_PROJECT_VERSION = 1;
				DEVELOPMENT_TEAM = 7B23MN6TDM;
				GENERATE_INFOPLIST_FILE = YES;
				IPHONEOS_DEPLOYMENT_TARGET = 16.2;
				MARKETING_VERSION = 1.0;
				PRODUCT_BUNDLE_IDENTIFIER = net.primal.iosapp.PrimalTests;
				PRODUCT_NAME = "$(TARGET_NAME)";
				SWIFT_EMIT_LOC_STRINGS = NO;
				SWIFT_VERSION = 5.0;
				TARGETED_DEVICE_FAMILY = "1,2";
				TEST_HOST = "$(BUILT_PRODUCTS_DIR)/Primal.app/$(BUNDLE_EXECUTABLE_FOLDER_PATH)/Primal";
			};
			name = Debug;
		};
		9393311B29A3E370003954C2 /* Release */ = {
			isa = XCBuildConfiguration;
			buildSettings = {
				ALWAYS_EMBED_SWIFT_STANDARD_LIBRARIES = YES;
				BUNDLE_LOADER = "$(TEST_HOST)";
				CODE_SIGN_STYLE = Automatic;
				CURRENT_PROJECT_VERSION = 1;
				DEVELOPMENT_TEAM = 7B23MN6TDM;
				GENERATE_INFOPLIST_FILE = YES;
				IPHONEOS_DEPLOYMENT_TARGET = 16.2;
				MARKETING_VERSION = 1.0;
				PRODUCT_BUNDLE_IDENTIFIER = net.primal.iosapp.PrimalTests;
				PRODUCT_NAME = "$(TARGET_NAME)";
				SWIFT_EMIT_LOC_STRINGS = NO;
				SWIFT_VERSION = 5.0;
				TARGETED_DEVICE_FAMILY = "1,2";
				TEST_HOST = "$(BUILT_PRODUCTS_DIR)/Primal.app/$(BUNDLE_EXECUTABLE_FOLDER_PATH)/Primal";
			};
			name = Release;
		};
		9393311D29A3E370003954C2 /* Debug */ = {
			isa = XCBuildConfiguration;
			buildSettings = {
				ALWAYS_EMBED_SWIFT_STANDARD_LIBRARIES = YES;
				CODE_SIGN_STYLE = Automatic;
				CURRENT_PROJECT_VERSION = 1;
				DEVELOPMENT_TEAM = 7B23MN6TDM;
				GENERATE_INFOPLIST_FILE = YES;
				MARKETING_VERSION = 1.0;
				PRODUCT_BUNDLE_IDENTIFIER = net.primal.iosapp.PrimalUITests;
				PRODUCT_NAME = "$(TARGET_NAME)";
				SWIFT_EMIT_LOC_STRINGS = NO;
				SWIFT_VERSION = 5.0;
				TARGETED_DEVICE_FAMILY = "1,2";
				TEST_TARGET_NAME = Primal;
			};
			name = Debug;
		};
		9393311E29A3E370003954C2 /* Release */ = {
			isa = XCBuildConfiguration;
			buildSettings = {
				ALWAYS_EMBED_SWIFT_STANDARD_LIBRARIES = YES;
				CODE_SIGN_STYLE = Automatic;
				CURRENT_PROJECT_VERSION = 1;
				DEVELOPMENT_TEAM = 7B23MN6TDM;
				GENERATE_INFOPLIST_FILE = YES;
				MARKETING_VERSION = 1.0;
				PRODUCT_BUNDLE_IDENTIFIER = net.primal.iosapp.PrimalUITests;
				PRODUCT_NAME = "$(TARGET_NAME)";
				SWIFT_EMIT_LOC_STRINGS = NO;
				SWIFT_VERSION = 5.0;
				TARGETED_DEVICE_FAMILY = "1,2";
				TEST_TARGET_NAME = Primal;
			};
			name = Release;
		};
/* End XCBuildConfiguration section */

/* Begin XCConfigurationList section */
		939330ED29A3E36F003954C2 /* Build configuration list for PBXProject "Primal" */ = {
			isa = XCConfigurationList;
			buildConfigurations = (
				9393311429A3E370003954C2 /* Debug */,
				9393311529A3E370003954C2 /* Release */,
			);
			defaultConfigurationIsVisible = 0;
			defaultConfigurationName = Release;
		};
		9393311629A3E370003954C2 /* Build configuration list for PBXNativeTarget "Primal" */ = {
			isa = XCConfigurationList;
			buildConfigurations = (
				9393311729A3E370003954C2 /* Debug */,
				9393311829A3E370003954C2 /* Release */,
			);
			defaultConfigurationIsVisible = 0;
			defaultConfigurationName = Release;
		};
		9393311929A3E370003954C2 /* Build configuration list for PBXNativeTarget "PrimalTests" */ = {
			isa = XCConfigurationList;
			buildConfigurations = (
				9393311A29A3E370003954C2 /* Debug */,
				9393311B29A3E370003954C2 /* Release */,
			);
			defaultConfigurationIsVisible = 0;
			defaultConfigurationName = Release;
		};
		9393311C29A3E370003954C2 /* Build configuration list for PBXNativeTarget "PrimalUITests" */ = {
			isa = XCConfigurationList;
			buildConfigurations = (
				9393311D29A3E370003954C2 /* Debug */,
				9393311E29A3E370003954C2 /* Release */,
			);
			defaultConfigurationIsVisible = 0;
			defaultConfigurationName = Release;
		};
/* End XCConfigurationList section */

/* Begin XCRemoteSwiftPackageReference section */
		9393311F29A3E44D003954C2 /* XCRemoteSwiftPackageReference "generic-json-swift" */ = {
			isa = XCRemoteSwiftPackageReference;
			repositoryURL = "https://github.com/iwill/generic-json-swift";
			requirement = {
				kind = upToNextMajorVersion;
				minimumVersion = 2.0.0;
			};
		};
		9393312229A3E45E003954C2 /* XCRemoteSwiftPackageReference "Kingfisher" */ = {
			isa = XCRemoteSwiftPackageReference;
			repositoryURL = "https://github.com/onevcat/Kingfisher.git";
			requirement = {
				kind = upToNextMajorVersion;
				minimumVersion = 7.0.0;
			};
		};
		9393312529A3E475003954C2 /* XCRemoteSwiftPackageReference "NWWebSocket" */ = {
			isa = XCRemoteSwiftPackageReference;
			repositoryURL = "https://github.com/pusher/NWWebSocket.git";
			requirement = {
				kind = upToNextMajorVersion;
				minimumVersion = 0.5.2;
			};
		};
/* End XCRemoteSwiftPackageReference section */

/* Begin XCSwiftPackageProductDependency section */
		9393312029A3E44D003954C2 /* GenericJSON */ = {
			isa = XCSwiftPackageProductDependency;
			package = 9393311F29A3E44D003954C2 /* XCRemoteSwiftPackageReference "generic-json-swift" */;
			productName = GenericJSON;
		};
		9393312329A3E45E003954C2 /* Kingfisher */ = {
			isa = XCSwiftPackageProductDependency;
			package = 9393312229A3E45E003954C2 /* XCRemoteSwiftPackageReference "Kingfisher" */;
			productName = Kingfisher;
		};
		9393312629A3E475003954C2 /* NWWebSocket */ = {
			isa = XCSwiftPackageProductDependency;
			package = 9393312529A3E475003954C2 /* XCRemoteSwiftPackageReference "NWWebSocket" */;
			productName = NWWebSocket;
		};
/* End XCSwiftPackageProductDependency section */
	};
	rootObject = 939330EA29A3E36F003954C2 /* Project object */;
}
